// !$*UTF8*$!
{
	archiveVersion = 1;
	classes = {
	};
	objectVersion = 56;
	objects = {

/* Begin PBXBuildFile section */
		7FEE1BDB2B951C7F00A5D92B /* AppDelegate.swift in Sources */ = {isa = PBXBuildFile; fileRef = 7FEE1BDA2B951C7F00A5D92B /* AppDelegate.swift */; };
		7FEE1BDD2B951C7F00A5D92B /* SceneDelegate.swift in Sources */ = {isa = PBXBuildFile; fileRef = 7FEE1BDC2B951C7F00A5D92B /* SceneDelegate.swift */; };
		7FEE1BDF2B951C7F00A5D92B /* ViewController.swift in Sources */ = {isa = PBXBuildFile; fileRef = 7FEE1BDE2B951C7F00A5D92B /* ViewController.swift */; };
		7FEE1BE42B951C8100A5D92B /* Assets.xcassets in Resources */ = {isa = PBXBuildFile; fileRef = 7FEE1BE32B951C8100A5D92B /* Assets.xcassets */; };
		7FEE1BE72B951C8100A5D92B /* LaunchScreen.storyboard in Resources */ = {isa = PBXBuildFile; fileRef = 7FEE1BE52B951C8100A5D92B /* LaunchScreen.storyboard */; };
		7FEE1BF42B95259C00A5D92B /* ErrorMessage.swift in Sources */ = {isa = PBXBuildFile; fileRef = 7FEE1BF32B95259C00A5D92B /* ErrorMessage.swift */; };
		7FEE1BF62B9525C900A5D92B /* NetworkManager.swift in Sources */ = {isa = PBXBuildFile; fileRef = 7FEE1BF52B9525C900A5D92B /* NetworkManager.swift */; };
		7FEE1BFB2B952A7C00A5D92B /* Task.swift in Sources */ = {isa = PBXBuildFile; fileRef = 7FEE1BFA2B952A7B00A5D92B /* Task.swift */; };
		7FEE1CB02B96517400A5D92B /* UserDataManager.swift in Sources */ = {isa = PBXBuildFile; fileRef = 7FEE1CAF2B96517400A5D92B /* UserDataManager.swift */; };
		7FEE1CB22B96521000A5D92B /* UserDefaultsKeys.swift in Sources */ = {isa = PBXBuildFile; fileRef = 7FEE1CB12B96521000A5D92B /* UserDefaultsKeys.swift */; };
		7FEE1CB82B96584F00A5D92B /* TaskCollectionViewCell.swift in Sources */ = {isa = PBXBuildFile; fileRef = 7FEE1CB72B96584F00A5D92B /* TaskCollectionViewCell.swift */; };
		7FEE1CBB2B972F5400A5D92B /* UIColor+Ext.swift in Sources */ = {isa = PBXBuildFile; fileRef = 7FEE1CBA2B972F5400A5D92B /* UIColor+Ext.swift */; };
		7FEE1CBD2B972FCB00A5D92B /* ViewController+Ext.swift in Sources */ = {isa = PBXBuildFile; fileRef = 7FEE1CBC2B972FCB00A5D92B /* ViewController+Ext.swift */; };
		7FEE1CC02B97456900A5D92B /* TaskViewModel.swift in Sources */ = {isa = PBXBuildFile; fileRef = 7FEE1CBF2B97456900A5D92B /* TaskViewModel.swift */; };
/* End PBXBuildFile section */

/* Begin PBXFileReference section */
		7FEE1BD72B951C7F00A5D92B /* Vero_ios_task.app */ = {isa = PBXFileReference; explicitFileType = wrapper.application; includeInIndex = 0; path = Vero_ios_task.app; sourceTree = BUILT_PRODUCTS_DIR; };
		7FEE1BDA2B951C7F00A5D92B /* AppDelegate.swift */ = {isa = PBXFileReference; lastKnownFileType = sourcecode.swift; path = AppDelegate.swift; sourceTree = "<group>"; };
		7FEE1BDC2B951C7F00A5D92B /* SceneDelegate.swift */ = {isa = PBXFileReference; lastKnownFileType = sourcecode.swift; path = SceneDelegate.swift; sourceTree = "<group>"; };
		7FEE1BDE2B951C7F00A5D92B /* ViewController.swift */ = {isa = PBXFileReference; lastKnownFileType = sourcecode.swift; path = ViewController.swift; sourceTree = "<group>"; };
		7FEE1BE32B951C8100A5D92B /* Assets.xcassets */ = {isa = PBXFileReference; lastKnownFileType = folder.assetcatalog; path = Assets.xcassets; sourceTree = "<group>"; };
		7FEE1BE62B951C8100A5D92B /* Base */ = {isa = PBXFileReference; lastKnownFileType = file.storyboard; name = Base; path = Base.lproj/LaunchScreen.storyboard; sourceTree = "<group>"; };
		7FEE1BE82B951C8100A5D92B /* Info.plist */ = {isa = PBXFileReference; lastKnownFileType = text.plist.xml; path = Info.plist; sourceTree = "<group>"; };
		7FEE1BF32B95259C00A5D92B /* ErrorMessage.swift */ = {isa = PBXFileReference; lastKnownFileType = sourcecode.swift; path = ErrorMessage.swift; sourceTree = "<group>"; };
		7FEE1BF52B9525C900A5D92B /* NetworkManager.swift */ = {isa = PBXFileReference; lastKnownFileType = sourcecode.swift; path = NetworkManager.swift; sourceTree = "<group>"; };
		7FEE1BFA2B952A7B00A5D92B /* Task.swift */ = {isa = PBXFileReference; lastKnownFileType = sourcecode.swift; path = Task.swift; sourceTree = "<group>"; };
		7FEE1CAF2B96517400A5D92B /* UserDataManager.swift */ = {isa = PBXFileReference; lastKnownFileType = sourcecode.swift; path = UserDataManager.swift; sourceTree = "<group>"; };
		7FEE1CB12B96521000A5D92B /* UserDefaultsKeys.swift */ = {isa = PBXFileReference; lastKnownFileType = sourcecode.swift; path = UserDefaultsKeys.swift; sourceTree = "<group>"; };
		7FEE1CB72B96584F00A5D92B /* TaskCollectionViewCell.swift */ = {isa = PBXFileReference; lastKnownFileType = sourcecode.swift; path = TaskCollectionViewCell.swift; sourceTree = "<group>"; };
		7FEE1CBA2B972F5400A5D92B /* UIColor+Ext.swift */ = {isa = PBXFileReference; lastKnownFileType = sourcecode.swift; path = "UIColor+Ext.swift"; sourceTree = "<group>"; };
		7FEE1CBC2B972FCB00A5D92B /* ViewController+Ext.swift */ = {isa = PBXFileReference; lastKnownFileType = sourcecode.swift; path = "ViewController+Ext.swift"; sourceTree = "<group>"; };
		7FEE1CBF2B97456900A5D92B /* TaskViewModel.swift */ = {isa = PBXFileReference; lastKnownFileType = sourcecode.swift; path = TaskViewModel.swift; sourceTree = "<group>"; };
/* End PBXFileReference section */

/* Begin PBXFrameworksBuildPhase section */
		7FEE1BD42B951C7F00A5D92B /* Frameworks */ = {
			isa = PBXFrameworksBuildPhase;
			buildActionMask = 2147483647;
			files = (
			);
			runOnlyForDeploymentPostprocessing = 0;
		};
/* End PBXFrameworksBuildPhase section */

/* Begin PBXGroup section */
		7FEE1BCE2B951C7F00A5D92B = {
			isa = PBXGroup;
			children = (
				7FEE1BD92B951C7F00A5D92B /* Vero_ios_task */,
				7FEE1BD82B951C7F00A5D92B /* Products */,
			);
			sourceTree = "<group>";
		};
		7FEE1BD82B951C7F00A5D92B /* Products */ = {
			isa = PBXGroup;
			children = (
				7FEE1BD72B951C7F00A5D92B /* Vero_ios_task.app */,
			);
			name = Products;
			sourceTree = "<group>";
		};
		7FEE1BD92B951C7F00A5D92B /* Vero_ios_task */ = {
			isa = PBXGroup;
			children = (
				7FEE1CBE2B97454400A5D92B /* ViewModel */,
				7FEE1CB92B972F1100A5D92B /* Extensions */,
				7FEE1CB32B9657CE00A5D92B /* CustomViews */,
				7FEE1CAE2B9650FD00A5D92B /* CoreData */,
				7FEE1BF22B95258300A5D92B /* Utilities */,
				7FEE1BF12B95246900A5D92B /* NetworkManager */,
				7FEE1BF02B95244A00A5D92B /* Model */,
				7FEE1BEF2B95242300A5D92B /* Screens */,
				7FEE1BEE2B9523D300A5D92B /* Support */,
				7FEE1BE82B951C8100A5D92B /* Info.plist */,
			);
			path = Vero_ios_task;
			sourceTree = "<group>";
		};
		7FEE1BEE2B9523D300A5D92B /* Support */ = {
			isa = PBXGroup;
			children = (
				7FEE1BDA2B951C7F00A5D92B /* AppDelegate.swift */,
				7FEE1BDC2B951C7F00A5D92B /* SceneDelegate.swift */,
				7FEE1BE32B951C8100A5D92B /* Assets.xcassets */,
				7FEE1BE52B951C8100A5D92B /* LaunchScreen.storyboard */,
			);
			path = Support;
			sourceTree = "<group>";
		};
		7FEE1BEF2B95242300A5D92B /* Screens */ = {
			isa = PBXGroup;
			children = (
				7FEE1BDE2B951C7F00A5D92B /* ViewController.swift */,
			);
			path = Screens;
			sourceTree = "<group>";
		};
		7FEE1BF02B95244A00A5D92B /* Model */ = {
			isa = PBXGroup;
			children = (
				7FEE1BFA2B952A7B00A5D92B /* Task.swift */,
			);
			path = Model;
			sourceTree = "<group>";
		};
		7FEE1BF12B95246900A5D92B /* NetworkManager */ = {
			isa = PBXGroup;
			children = (
				7FEE1BF52B9525C900A5D92B /* NetworkManager.swift */,
			);
			path = NetworkManager;
			sourceTree = "<group>";
		};
		7FEE1BF22B95258300A5D92B /* Utilities */ = {
			isa = PBXGroup;
			children = (
				7FEE1BF32B95259C00A5D92B /* ErrorMessage.swift */,
				7FEE1CB12B96521000A5D92B /* UserDefaultsKeys.swift */,
			);
			path = Utilities;
			sourceTree = "<group>";
		};
		7FEE1CAE2B9650FD00A5D92B /* CoreData */ = {
			isa = PBXGroup;
			children = (
				7FEE1CAF2B96517400A5D92B /* UserDataManager.swift */,
			);
			path = CoreData;
			sourceTree = "<group>";
		};
		7FEE1CB32B9657CE00A5D92B /* CustomViews */ = {
			isa = PBXGroup;
			children = (
				7FEE1CB42B9657F000A5D92B /* Cell */,
			);
			path = CustomViews;
			sourceTree = "<group>";
		};
		7FEE1CB42B9657F000A5D92B /* Cell */ = {
			isa = PBXGroup;
			children = (
				7FEE1CB72B96584F00A5D92B /* TaskCollectionViewCell.swift */,
			);
			path = Cell;
			sourceTree = "<group>";
		};
		7FEE1CB92B972F1100A5D92B /* Extensions */ = {
			isa = PBXGroup;
			children = (
				7FEE1CBA2B972F5400A5D92B /* UIColor+Ext.swift */,
				7FEE1CBC2B972FCB00A5D92B /* ViewController+Ext.swift */,
			);
			path = Extensions;
			sourceTree = "<group>";
		};
		7FEE1CBE2B97454400A5D92B /* ViewModel */ = {
			isa = PBXGroup;
			children = (
				7FEE1CBF2B97456900A5D92B /* TaskViewModel.swift */,
			);
			path = ViewModel;
			sourceTree = "<group>";
		};
/* End PBXGroup section */

/* Begin PBXNativeTarget section */
		7FEE1BD62B951C7F00A5D92B /* Vero_ios_task */ = {
			isa = PBXNativeTarget;
			buildConfigurationList = 7FEE1BEB2B951C8100A5D92B /* Build configuration list for PBXNativeTarget "Vero_ios_task" */;
			buildPhases = (
				7FEE1BD32B951C7F00A5D92B /* Sources */,
				7FEE1BD42B951C7F00A5D92B /* Frameworks */,
				7FEE1BD52B951C7F00A5D92B /* Resources */,
			);
			buildRules = (
			);
			dependencies = (
			);
			name = Vero_ios_task;
			productName = Vero_ios_task;
			productReference = 7FEE1BD72B951C7F00A5D92B /* Vero_ios_task.app */;
			productType = "com.apple.product-type.application";
		};
/* End PBXNativeTarget section */

/* Begin PBXProject section */
		7FEE1BCF2B951C7F00A5D92B /* Project object */ = {
			isa = PBXProject;
			attributes = {
				BuildIndependentTargetsInParallel = 1;
				LastSwiftUpdateCheck = 1430;
				LastUpgradeCheck = 1430;
				TargetAttributes = {
					7FEE1BD62B951C7F00A5D92B = {
						CreatedOnToolsVersion = 14.3.1;
					};
				};
			};
			buildConfigurationList = 7FEE1BD22B951C7F00A5D92B /* Build configuration list for PBXProject "Vero_ios_task" */;
			compatibilityVersion = "Xcode 14.0";
			developmentRegion = en;
			hasScannedForEncodings = 0;
			knownRegions = (
				en,
				Base,
			);
			mainGroup = 7FEE1BCE2B951C7F00A5D92B;
			productRefGroup = 7FEE1BD82B951C7F00A5D92B /* Products */;
			projectDirPath = "";
			projectRoot = "";
			targets = (
				7FEE1BD62B951C7F00A5D92B /* Vero_ios_task */,
			);
		};
/* End PBXProject section */

/* Begin PBXResourcesBuildPhase section */
		7FEE1BD52B951C7F00A5D92B /* Resources */ = {
			isa = PBXResourcesBuildPhase;
			buildActionMask = 2147483647;
			files = (
				7FEE1BE72B951C8100A5D92B /* LaunchScreen.storyboard in Resources */,
				7FEE1BE42B951C8100A5D92B /* Assets.xcassets in Resources */,
			);
			runOnlyForDeploymentPostprocessing = 0;
		};
/* End PBXResourcesBuildPhase section */

/* Begin PBXSourcesBuildPhase section */
		7FEE1BD32B951C7F00A5D92B /* Sources */ = {
			isa = PBXSourcesBuildPhase;
			buildActionMask = 2147483647;
			files = (
				7FEE1CB02B96517400A5D92B /* UserDataManager.swift in Sources */,
				7FEE1CC02B97456900A5D92B /* TaskViewModel.swift in Sources */,
				7FEE1BF42B95259C00A5D92B /* ErrorMessage.swift in Sources */,
				7FEE1BDF2B951C7F00A5D92B /* ViewController.swift in Sources */,
				7FEE1BF62B9525C900A5D92B /* NetworkManager.swift in Sources */,
				7FEE1CBD2B972FCB00A5D92B /* ViewController+Ext.swift in Sources */,
				7FEE1CB22B96521000A5D92B /* UserDefaultsKeys.swift in Sources */,
				7FEE1BDB2B951C7F00A5D92B /* AppDelegate.swift in Sources */,
				7FEE1CB82B96584F00A5D92B /* TaskCollectionViewCell.swift in Sources */,
				7FEE1CBB2B972F5400A5D92B /* UIColor+Ext.swift in Sources */,
				7FEE1BFB2B952A7C00A5D92B /* Task.swift in Sources */,
				7FEE1BDD2B951C7F00A5D92B /* SceneDelegate.swift in Sources */,
			);
			runOnlyForDeploymentPostprocessing = 0;
		};
/* End PBXSourcesBuildPhase section */

/* Begin PBXVariantGroup section */
		7FEE1BE52B951C8100A5D92B /* LaunchScreen.storyboard */ = {
			isa = PBXVariantGroup;
			children = (
				7FEE1BE62B951C8100A5D92B /* Base */,
			);
			name = LaunchScreen.storyboard;
			sourceTree = "<group>";
		};
/* End PBXVariantGroup section */

/* Begin XCBuildConfiguration section */
		7FEE1BE92B951C8100A5D92B /* Debug */ = {
			isa = XCBuildConfiguration;
			buildSettings = {
				ALWAYS_SEARCH_USER_PATHS = NO;
				CLANG_ANALYZER_NONNULL = YES;
				CLANG_ANALYZER_NUMBER_OBJECT_CONVERSION = YES_AGGRESSIVE;
				CLANG_CXX_LANGUAGE_STANDARD = "gnu++20";
				CLANG_ENABLE_MODULES = YES;
				CLANG_ENABLE_OBJC_ARC = YES;
				CLANG_ENABLE_OBJC_WEAK = YES;
				CLANG_WARN_BLOCK_CAPTURE_AUTORELEASING = YES;
				CLANG_WARN_BOOL_CONVERSION = YES;
				CLANG_WARN_COMMA = YES;
				CLANG_WARN_CONSTANT_CONVERSION = YES;
				CLANG_WARN_DEPRECATED_OBJC_IMPLEMENTATIONS = YES;
				CLANG_WARN_DIRECT_OBJC_ISA_USAGE = YES_ERROR;
				CLANG_WARN_DOCUMENTATION_COMMENTS = YES;
				CLANG_WARN_EMPTY_BODY = YES;
				CLANG_WARN_ENUM_CONVERSION = YES;
				CLANG_WARN_INFINITE_RECURSION = YES;
				CLANG_WARN_INT_CONVERSION = YES;
				CLANG_WARN_NON_LITERAL_NULL_CONVERSION = YES;
				CLANG_WARN_OBJC_IMPLICIT_RETAIN_SELF = YES;
				CLANG_WARN_OBJC_LITERAL_CONVERSION = YES;
				CLANG_WARN_OBJC_ROOT_CLASS = YES_ERROR;
				CLANG_WARN_QUOTED_INCLUDE_IN_FRAMEWORK_HEADER = YES;
				CLANG_WARN_RANGE_LOOP_ANALYSIS = YES;
				CLANG_WARN_STRICT_PROTOTYPES = YES;
				CLANG_WARN_SUSPICIOUS_MOVE = YES;
				CLANG_WARN_UNGUARDED_AVAILABILITY = YES_AGGRESSIVE;
				CLANG_WARN_UNREACHABLE_CODE = YES;
				CLANG_WARN__DUPLICATE_METHOD_MATCH = YES;
				COPY_PHASE_STRIP = NO;
				DEBUG_INFORMATION_FORMAT = dwarf;
				ENABLE_STRICT_OBJC_MSGSEND = YES;
				ENABLE_TESTABILITY = YES;
				GCC_C_LANGUAGE_STANDARD = gnu11;
				GCC_DYNAMIC_NO_PIC = NO;
				GCC_NO_COMMON_BLOCKS = YES;
				GCC_OPTIMIZATION_LEVEL = 0;
				GCC_PREPROCESSOR_DEFINITIONS = (
					"DEBUG=1",
					"$(inherited)",
				);
				GCC_WARN_64_TO_32_BIT_CONVERSION = YES;
				GCC_WARN_ABOUT_RETURN_TYPE = YES_ERROR;
				GCC_WARN_UNDECLARED_SELECTOR = YES;
				GCC_WARN_UNINITIALIZED_AUTOS = YES_AGGRESSIVE;
				GCC_WARN_UNUSED_FUNCTION = YES;
				GCC_WARN_UNUSED_VARIABLE = YES;
				IPHONEOS_DEPLOYMENT_TARGET = 16.4;
				MTL_ENABLE_DEBUG_INFO = INCLUDE_SOURCE;
				MTL_FAST_MATH = YES;
				ONLY_ACTIVE_ARCH = YES;
				SDKROOT = iphoneos;
				SWIFT_ACTIVE_COMPILATION_CONDITIONS = DEBUG;
				SWIFT_OPTIMIZATION_LEVEL = "-Onone";
			};
			name = Debug;
		};
		7FEE1BEA2B951C8100A5D92B /* Release */ = {
			isa = XCBuildConfiguration;
			buildSettings = {
				ALWAYS_SEARCH_USER_PATHS = NO;
				CLANG_ANALYZER_NONNULL = YES;
				CLANG_ANALYZER_NUMBER_OBJECT_CONVERSION = YES_AGGRESSIVE;
				CLANG_CXX_LANGUAGE_STANDARD = "gnu++20";
				CLANG_ENABLE_MODULES = YES;
				CLANG_ENABLE_OBJC_ARC = YES;
				CLANG_ENABLE_OBJC_WEAK = YES;
				CLANG_WARN_BLOCK_CAPTURE_AUTORELEASING = YES;
				CLANG_WARN_BOOL_CONVERSION = YES;
				CLANG_WARN_COMMA = YES;
				CLANG_WARN_CONSTANT_CONVERSION = YES;
				CLANG_WARN_DEPRECATED_OBJC_IMPLEMENTATIONS = YES;
				CLANG_WARN_DIRECT_OBJC_ISA_USAGE = YES_ERROR;
				CLANG_WARN_DOCUMENTATION_COMMENTS = YES;
				CLANG_WARN_EMPTY_BODY = YES;
				CLANG_WARN_ENUM_CONVERSION = YES;
				CLANG_WARN_INFINITE_RECURSION = YES;
				CLANG_WARN_INT_CONVERSION = YES;
				CLANG_WARN_NON_LITERAL_NULL_CONVERSION = YES;
				CLANG_WARN_OBJC_IMPLICIT_RETAIN_SELF = YES;
				CLANG_WARN_OBJC_LITERAL_CONVERSION = YES;
				CLANG_WARN_OBJC_ROOT_CLASS = YES_ERROR;
				CLANG_WARN_QUOTED_INCLUDE_IN_FRAMEWORK_HEADER = YES;
				CLANG_WARN_RANGE_LOOP_ANALYSIS = YES;
				CLANG_WARN_STRICT_PROTOTYPES = YES;
				CLANG_WARN_SUSPICIOUS_MOVE = YES;
				CLANG_WARN_UNGUARDED_AVAILABILITY = YES_AGGRESSIVE;
				CLANG_WARN_UNREACHABLE_CODE = YES;
				CLANG_WARN__DUPLICATE_METHOD_MATCH = YES;
				COPY_PHASE_STRIP = NO;
				DEBUG_INFORMATION_FORMAT = "dwarf-with-dsym";
				ENABLE_NS_ASSERTIONS = NO;
				ENABLE_STRICT_OBJC_MSGSEND = YES;
				GCC_C_LANGUAGE_STANDARD = gnu11;
				GCC_NO_COMMON_BLOCKS = YES;
				GCC_WARN_64_TO_32_BIT_CONVERSION = YES;
				GCC_WARN_ABOUT_RETURN_TYPE = YES_ERROR;
				GCC_WARN_UNDECLARED_SELECTOR = YES;
				GCC_WARN_UNINITIALIZED_AUTOS = YES_AGGRESSIVE;
				GCC_WARN_UNUSED_FUNCTION = YES;
				GCC_WARN_UNUSED_VARIABLE = YES;
				IPHONEOS_DEPLOYMENT_TARGET = 16.4;
				MTL_ENABLE_DEBUG_INFO = NO;
				MTL_FAST_MATH = YES;
				SDKROOT = iphoneos;
				SWIFT_COMPILATION_MODE = wholemodule;
				SWIFT_OPTIMIZATION_LEVEL = "-O";
				VALIDATE_PRODUCT = YES;
			};
			name = Release;
		};
		7FEE1BEC2B951C8100A5D92B /* Debug */ = {
			isa = XCBuildConfiguration;
			buildSettings = {
				ASSETCATALOG_COMPILER_APPICON_NAME = AppIcon;
				ASSETCATALOG_COMPILER_GLOBAL_ACCENT_COLOR_NAME = AccentColor;
				CODE_SIGN_STYLE = Automatic;
				CURRENT_PROJECT_VERSION = 1;
				DEVELOPMENT_TEAM = 3A93W6C2Y3;
				GENERATE_INFOPLIST_FILE = YES;
				INFOPLIST_FILE = Vero_ios_task/Info.plist;
				INFOPLIST_KEY_UIApplicationSupportsIndirectInputEvents = YES;
				INFOPLIST_KEY_UILaunchStoryboardName = LaunchScreen;
				INFOPLIST_KEY_UIMainStoryboardFile = "";
				INFOPLIST_KEY_UISupportedInterfaceOrientations = UIInterfaceOrientationPortrait;
				INFOPLIST_KEY_UISupportedInterfaceOrientations_iPad = "UIInterfaceOrientationLandscapeLeft UIInterfaceOrientationLandscapeRight UIInterfaceOrientationPortrait UIInterfaceOrientationPortraitUpsideDown";
				LD_RUNPATH_SEARCH_PATHS = (
					"$(inherited)",
					"@executable_path/Frameworks",
				);
				MARKETING_VERSION = 1.0;
				PRODUCT_BUNDLE_IDENTIFIER = "com.projects.vero.Vero-ios-task";
				PRODUCT_NAME = "$(TARGET_NAME)";
				SUPPORTED_PLATFORMS = "iphoneos iphonesimulator";
				SUPPORTS_MACCATALYST = NO;
				SUPPORTS_MAC_DESIGNED_FOR_IPHONE_IPAD = NO;
				SWIFT_EMIT_LOC_STRINGS = YES;
				SWIFT_VERSION = 5.0;
				TARGETED_DEVICE_FAMILY = 1;
			};
			name = Debug;
		};
		7FEE1BED2B951C8100A5D92B /* Release */ = {
			isa = XCBuildConfiguration;
			buildSettings = {
				ASSETCATALOG_COMPILER_APPICON_NAME = AppIcon;
				ASSETCATALOG_COMPILER_GLOBAL_ACCENT_COLOR_NAME = AccentColor;
				CODE_SIGN_STYLE = Automatic;
				CURRENT_PROJECT_VERSION = 1;
				DEVELOPMENT_TEAM = 3A93W6C2Y3;
				GENERATE_INFOPLIST_FILE = YES;
				INFOPLIST_FILE = Vero_ios_task/Info.plist;
				INFOPLIST_KEY_UIApplicationSupportsIndirectInputEvents = YES;
				INFOPLIST_KEY_UILaunchStoryboardName = LaunchScreen;
				INFOPLIST_KEY_UIMainStoryboardFile = "";
				INFOPLIST_KEY_UISupportedInterfaceOrientations = UIInterfaceOrientationPortrait;
				INFOPLIST_KEY_UISupportedInterfaceOrientations_iPad = "UIInterfaceOrientationLandscapeLeft UIInterfaceOrientationLandscapeRight UIInterfaceOrientationPortrait UIInterfaceOrientationPortraitUpsideDown";
				LD_RUNPATH_SEARCH_PATHS = (
					"$(inherited)",
					"@executable_path/Frameworks",
				);
				MARKETING_VERSION = 1.0;
				PRODUCT_BUNDLE_IDENTIFIER = "com.projects.vero.Vero-ios-task";
				PRODUCT_NAME = "$(TARGET_NAME)";
				SUPPORTED_PLATFORMS = "iphoneos iphonesimulator";
				SUPPORTS_MACCATALYST = NO;
				SUPPORTS_MAC_DESIGNED_FOR_IPHONE_IPAD = NO;
				SWIFT_EMIT_LOC_STRINGS = YES;
				SWIFT_VERSION = 5.0;
				TARGETED_DEVICE_FAMILY = 1;
			};
			name = Release;
		};
/* End XCBuildConfiguration section */

/* Begin XCConfigurationList section */
		7FEE1BD22B951C7F00A5D92B /* Build configuration list for PBXProject "Vero_ios_task" */ = {
			isa = XCConfigurationList;
			buildConfigurations = (
				7FEE1BE92B951C8100A5D92B /* Debug */,
				7FEE1BEA2B951C8100A5D92B /* Release */,
			);
			defaultConfigurationIsVisible = 0;
			defaultConfigurationName = Release;
		};
		7FEE1BEB2B951C8100A5D92B /* Build configuration list for PBXNativeTarget "Vero_ios_task" */ = {
			isa = XCConfigurationList;
			buildConfigurations = (
				7FEE1BEC2B951C8100A5D92B /* Debug */,
				7FEE1BED2B951C8100A5D92B /* Release */,
			);
			defaultConfigurationIsVisible = 0;
			defaultConfigurationName = Release;
		};
/* End XCConfigurationList section */
	};
	rootObject = 7FEE1BCF2B951C7F00A5D92B /* Project object */;
}
